# THIS IS AN AUTOGENERATED FILE. DO NOT EDIT THIS FILE DIRECTLY.
# yarn lockfile v1


"@camwiegert/typical@^0.1.1":
  version "0.1.1"
  resolved "https://registry.yarnpkg.com/@camwiegert/typical/-/typical-0.1.1.tgz#c75d3b658e2f542d113c3e266389794c7dc45d6d"
  integrity sha512-4xAtH3F3uJ8boe9IPahdYFCBELmyOBwHGAn0rDO6C1rx0TuZb5f4UqfuiOQF7YiMJGCOsUIW7LyucMNnVQYsRg==

react-typical@^0.1.3:
  version "0.1.3"
  resolved "https://registry.yarnpkg.com/react-typical/-/react-typical-0.1.3.tgz#c56e607a8e435b6f8a23eb5eaaf00768e35be06d"
  integrity sha512-VynIYVQvAZ1Nco4C+QNEqR17STGK/xw6Dc1zNj/LuYm8fISw1Qp3q9n3hv6O3iQDLD0OWwdWKHun5oj6mCMB4A==
  dependencies:
    "@camwiegert/typical" "^0.1.1"
